<?xml version="1.0" encoding="utf-8"?>
<Project ToolsVersion="4.0" xmlns="http://schemas.microsoft.com/developer/msbuild/2003">
  <ItemGroup>
    <Filter Include="IMPL">
      <UniqueIdentifier>{c5011104-4670-4cf7-b28f-135b5e2d764a}</UniqueIdentifier>
    </Filter>
    <Filter Include="IMPL\Utils">
      <UniqueIdentifier>{453e8371-730a-4df5-a820-1c2823b05717}</UniqueIdentifier>
    </Filter>
    <Filter Include="IMPL\D3DDevice">
      <UniqueIdentifier>{e06ed0b9-c2c7-4cef-b708-3e80b0703e46}</UniqueIdentifier>
    </Filter>
    <Filter Include="Fixture">
      <UniqueIdentifier>{d5b97b08-ec2e-4132-b76a-949a24e7d552}</UniqueIdentifier>
    </Filter>
    <Filter Include="Config">
      <UniqueIdentifier>{7095288d-a111-44ce-a14b-dc88b024f5af}</UniqueIdentifier>
    </Filter>
    <Filter Include="Fixture\IMPL">
      <UniqueIdentifier>{bb626b5e-2589-469f-b14c-ededd14cf483}</UniqueIdentifier>
    </Filter>
    <Filter Include="Config\IMPL">
      <UniqueIdentifier>{27911d2a-5a00-44c7-9944-00411869bc69}</UniqueIdentifier>
    </Filter>
    <Filter Include="Utils">
      <UniqueIdentifier>{98b36edb-62e4-4be8-a876-3c30334383ff}</UniqueIdentifier>
    </Filter>
    <Filter Include="FrameCheckContext">
      <UniqueIdentifier>{c8800a27-c7fb-4474-a8c6-e42798c000b7}</UniqueIdentifier>
    </Filter>
    <Filter Include="IMPL\Resources">
      <UniqueIdentifier>{1460cfc3-1953-4046-a557-39d3b2999109}</UniqueIdentifier>
    </Filter>
    <Filter Include="SprRenHelper">
      <UniqueIdentifier>{7c257ccc-8208-428a-b5c0-23a13a03b89f}</UniqueIdentifier>
    </Filter>
  </ItemGroup>
  <ItemGroup>
    <ClCompile Include="..\..\Test\ISpriteRenderTestUtils\IMPL\MASTER.cpp">
      <Filter>IMPL</Filter>
    </ClCompile>
    <ClCompile Include="..\..\Test\ISpriteRenderTestUtils\IMPL\Environment.cpp">
      <Filter>IMPL</Filter>
    </ClCompile>
    <ClCompile Include="..\..\Test\ISpriteRenderTestUtils\IMPL\Utils\Com.cpp">
      <Filter>IMPL\Utils</Filter>
    </ClCompile>
    <ClCompile Include="..\..\Test\ISpriteRenderTestUtils\IMPL\Utils\Exception.cpp">
      <Filter>IMPL\Utils</Filter>
    </ClCompile>
    <ClCompile Include="..\..\Test\ISpriteRenderTestUtils\IMPL\Utils\RenHRUtils.cpp">
      <Filter>IMPL\Utils</Filter>
    </ClCompile>
    <ClCompile Include="..\..\Test\ISpriteRenderTestUtils\IMPL\D3DDevice\D3DDevice.cpp">
      <Filter>IMPL\D3DDevice</Filter>
    </ClCompile>
    <ClCompile Include="..\..\Test\ISpriteRenderTestUtils\IMPL\Utils\WINDOW.cpp">
      <Filter>IMPL\Utils</Filter>
    </ClCompile>
    <ClCompile Include="..\..\Test\ISpriteRenderTestUtils\Fixture\IMPL\FixtureBase.cpp">
      <Filter>Fixture\IMPL</Filter>
    </ClCompile>
    <ClCompile Include="..\..\Test\ISpriteRenderTestUtils\Fixture\IMPL\GlobFixtureBase.cpp">
      <Filter>Fixture\IMPL</Filter>
    </ClCompile>
    <ClCompile Include="..\..\Test\ISpriteRenderTestUtils\CONFIG\IMPL\TesterConfig_Logging.cpp">
      <Filter>Config\IMPL</Filter>
    </ClCompile>
    <ClCompile Include="..\..\Test\ISpriteRenderTestUtils\IMPL\Utils\DepthStencil.cpp">
      <Filter>IMPL\Utils</Filter>
    </ClCompile>
    <ClCompile Include="..\..\Test\ISpriteRenderTestUtils\CONFIG\IMPL\TestConfig_Tester.cpp">
      <Filter>Config\IMPL</Filter>
    </ClCompile>
    <ClCompile Include="..\..\Test\ISpriteRenderTestUtils\Fixture\IMPL\PerTestFixtureBase.cpp">
      <Filter>Fixture\IMPL</Filter>
    </ClCompile>
    <ClCompile Include="..\..\Test\ISpriteRenderTestUtils\IMPL\Utils\QPC.cpp">
      <Filter>IMPL\Utils</Filter>
    </ClCompile>
    <ClCompile Include="..\..\Test\ISpriteRenderTestUtils\IMPL\Utils\RenTextureUtils.cpp">
      <Filter>IMPL\Utils</Filter>
    </ClCompile>
    <ClCompile Include="..\..\Test\ISpriteRenderTestUtils\IMPL\Utils\Textures.cpp">
      <Filter>IMPL\Utils</Filter>
    </ClCompile>
    <ClCompile Include="..\..\Test\ISpriteRenderTestUtils\FrameCheckContext\FrameCheckContext.cpp">
      <Filter>FrameCheckContext</Filter>
    </ClCompile>
    <ClCompile Include="..\..\Test\ISpriteRenderTestUtils\IMPL\Resources\Resources.cpp">
      <Filter>IMPL\Resources</Filter>
    </ClCompile>
    <ClCompile Include="..\..\Test\ISpriteRenderTestUtils\Fixture\IMPL\ResourceFixture.cpp">
      <Filter>Fixture\IMPL</Filter>
    </ClCompile>
    <ClCompile Include="..\..\Test\ISpriteRenderTestUtils\IMPL\Utils\TextureElement.cpp">
      <Filter>IMPL\Utils</Filter>
    </ClCompile>
    <ClCompile Include="..\..\Test\ISpriteRenderTestUtils\IMPL\Resources\TextureLib.cpp">
      <Filter>IMPL\Resources</Filter>
    </ClCompile>
    <ClCompile Include="..\..\Test\ISpriteRenderTestUtils\Utils\MathUtils.cpp">
      <Filter>Utils</Filter>
    </ClCompile>
    <ClCompile Include="..\..\Test\ISpriteRenderTestUtils\Utils\TestUtils.cpp">
      <Filter>Utils</Filter>
    </ClCompile>
    <ClCompile Include="..\..\Test\ISpriteRenderTestUtils\SprRenHelper\SprRenHelper_Sprite.cpp">
      <Filter>SprRenHelper</Filter>
    </ClCompile>
    <ClCompile Include="..\..\Test\ISpriteRenderTestUtils\SprRenHelper\SprRenHelper_Canvas.cpp">
      <Filter>SprRenHelper</Filter>
    </ClCompile>
    <ClCompile Include="..\..\Test\ISpriteRenderTestUtils\IMPL\ISpriteRenderSubsystemManager.cpp">
      <Filter>IMPL</Filter>
    </ClCompile>
  </ItemGroup>
  <ItemGroup>
    <ClInclude Include="..\..\Test\ISpriteRenderTestUtils\MASTER.h" />
    <ClInclude Include="..\..\Test\ISpriteRenderTestUtils\IMPL\Environment.h">
      <Filter>IMPL</Filter>
    </ClInclude>
    <ClInclude Include="..\..\Test\ISpriteRenderTestUtils\IMPL\Utils\Com.h">
      <Filter>IMPL\Utils</Filter>
    </ClInclude>
    <ClInclude Include="..\..\Test\ISpriteRenderTestUtils\IMPL\Utils\Exception.h">
      <Filter>IMPL\Utils</Filter>
    </ClInclude>
    <ClInclude Include="..\..\Test\ISpriteRenderTestUtils\IMPL\Utils\RenHRUtils.h">
      <Filter>IMPL\Utils</Filter>
    </ClInclude>
    <ClInclude Include="..\..\Test\ISpriteRenderTestUtils\IMPL\D3DDevice\D3DDeviceException.h">
      <Filter>IMPL\D3DDevice</Filter>
    </ClInclude>
    <ClInclude Include="..\..\Test\ISpriteRenderTestUtils\IMPL\D3DDevice\D3DDevice.h">
      <Filter>IMPL\D3DDevice</Filter>
    </ClInclude>
    <ClInclude Include="..\..\Test\ISpriteRenderTestUtils\IMPL\D3DDevice\D3DDevice_CONFIG_CONST.h">
      <Filter>IMPL\D3DDevice</Filter>
    </ClInclude>
    <ClInclude Include="..\..\Test\ISpriteRenderTestUtils\IMPL\Utils\Window.h">
      <Filter>IMPL\Utils</Filter>
    </ClInclude>
    <ClInclude Include="..\..\Test\ISpriteRenderTestUtils\TesterConfig.h" />
    <ClInclude Include="..\..\Test\ISpriteRenderTestUtils\Fixture\FixtureBase.h">
      <Filter>Fixture</Filter>
    </ClInclude>
    <ClInclude Include="..\..\Test\ISpriteRenderTestUtils\Fixture\GlobFixtureBase.h">
      <Filter>Fixture</Filter>
    </ClInclude>
    <ClInclude Include="..\..\Test\ISpriteRenderTestUtils\CONFIG\TesterConfig_Logging.h">
      <Filter>Config</Filter>
    </ClInclude>
    <ClInclude Include="..\..\Test\ISpriteRenderTestUtils\CONFIG\TesterConfig_Viewport.h">
      <Filter>Config</Filter>
    </ClInclude>
    <ClInclude Include="..\..\Test\ISpriteRenderTestUtils\ISpriteRenderSubsystemManager.h" />
    <ClInclude Include="..\..\Test\ISpriteRenderTestUtils\Utils\TestUtils.h">
      <Filter>Utils</Filter>
    </ClInclude>
    <ClInclude Include="..\..\Test\ISpriteRenderTestUtils\CONFIG\D3DDeviceConfig.h">
      <Filter>Config</Filter>
    </ClInclude>
    <ClInclude Include="..\..\Test\ISpriteRenderTestUtils\IMPL\Utils\DepthStencil.h">
      <Filter>IMPL\Utils</Filter>
    </ClInclude>
    <ClInclude Include="..\..\Test\ISpriteRenderTestUtils\CONFIG\TesterConfig_Tester.h">
      <Filter>Config</Filter>
    </ClInclude>
    <ClInclude Include="..\..\Test\ISpriteRenderTestUtils\Fixture\PerTestFixtureBase.h">
      <Filter>Fixture</Filter>
    </ClInclude>
    <ClInclude Include="..\..\Test\ISpriteRenderTestUtils\IMPL\Utils\QPC.h">
      <Filter>IMPL\Utils</Filter>
    </ClInclude>
    <ClInclude Include="..\..\Test\ISpriteRenderTestUtils\IMPL\Utils\RenTextureUtils.h">
      <Filter>IMPL\Utils</Filter>
    </ClInclude>
    <ClInclude Include="..\..\Test\ISpriteRenderTestUtils\IMPL\Utils\Textures.h">
      <Filter>IMPL\Utils</Filter>
    </ClInclude>
    <ClInclude Include="..\..\Test\ISpriteRenderTestUtils\IFrameCheckContext.h" />
    <ClInclude Include="..\..\Test\ISpriteRenderTestUtils\FrameCheckContext\FrameCheckContext.h">
      <Filter>FrameCheckContext</Filter>
    </ClInclude>
    <ClInclude Include="..\..\Test\ISpriteRenderTestUtils\CONFIG\TesterConfig_Resources.h">
      <Filter>Config</Filter>
    </ClInclude>
    <ClInclude Include="..\..\Test\ISpriteRenderTestUtils\IMPL\Resources\resources.h">
      <Filter>IMPL\Resources</Filter>
    </ClInclude>
    <ClInclude Include="..\..\Test\ISpriteRenderTestUtils\Fixture\ResourceFixture.h">
      <Filter>Fixture</Filter>
    </ClInclude>
    <ClInclude Include="..\..\Test\ISpriteRenderTestUtils\IMPL\Utils\TextureElement.h">
      <Filter>IMPL\Utils</Filter>
    </ClInclude>
    <ClInclude Include="..\..\Test\ISpriteRenderTestUtils\IMPL\Resources\TextureLib.h">
      <Filter>IMPL\Resources</Filter>
    </ClInclude>
    <ClInclude Include="..\..\Test\ISpriteRenderTestUtils\ISpriteRenderSubsystemManager_PublicTypes.h" />
    <ClInclude Include="..\..\Test\ISpriteRenderTestUtils\SprRenHelper\SprRenHelper_System.h">
      <Filter>SprRenHelper</Filter>
    </ClInclude>
    <ClInclude Include="..\..\Test\ISpriteRenderTestUtils\SprRenHelper\SprRenHelper_ISpriteRenderFwd.h">
      <Filter>SprRenHelper</Filter>
    </ClInclude>
    <ClInclude Include="..\..\Test\ISpriteRenderTestUtils\SprRenHelper\SprRenHelper_MaterialTypes.h">
      <Filter>SprRenHelper</Filter>
    </ClInclude>
    <ClInclude Include="..\..\Test\ISpriteRenderTestUtils\SprRenHelper\SprRenHelper_MathTypes.h">
      <Filter>SprRenHelper</Filter>
    </ClInclude>
    <ClInclude Include="..\..\Test\ISpriteRenderTestUtils\SprRenHelper\SprRenHelper_Types.h">
      <Filter>SprRenHelper</Filter>
    </ClInclude>
    <ClInclude Include="..\..\Test\ISpriteRenderTestUtils\Utils\MathUtils.h">
      <Filter>Utils</Filter>
    </ClInclude>
    <ClInclude Include="..\..\Test\ISpriteRenderTestUtils\SprRenHelper\SprRenHelper_Sprite.h">
      <Filter>SprRenHelper</Filter>
    </ClInclude>
    <ClInclude Include="..\..\Test\ISpriteRenderTestUtils\SprRenHelper\SprRenHelper_Canvas.h">
      <Filter>SprRenHelper</Filter>
    </ClInclude>
    <ClInclude Include="..\..\Test\ISpriteRenderTestUtils\SprRenHelper\SprRenHelper_ISpriteUpdaterFwd.h">
      <Filter>SprRenHelper</Filter>
    </ClInclude>
  </ItemGroup>
</Project>