<?xml version="1.0" encoding="utf-8"?>
<Project ToolsVersion="4.0" xmlns="http://schemas.microsoft.com/developer/msbuild/2003">
  <ItemGroup>
    <Filter Include="App">
      <UniqueIdentifier>{0e5c8de5-d559-4b3f-a524-7837878ee6ad}</UniqueIdentifier>
    </Filter>
    <Filter Include="HelperSubsys">
      <UniqueIdentifier>{f66b158a-6545-4fce-aea1-19b0db2b97fc}</UniqueIdentifier>
    </Filter>
    <Filter Include="HelperSubsys\Log">
      <UniqueIdentifier>{77fdc6d5-9d70-4b4c-b5cf-73449a124953}</UniqueIdentifier>
    </Filter>
    <Filter Include="HelperSubsys\ConfigManager">
      <UniqueIdentifier>{3456fbc5-ea23-413f-b2c1-4c167a4f346d}</UniqueIdentifier>
    </Filter>
    <Filter Include="Render">
      <UniqueIdentifier>{3b648763-59a2-4ab7-bbd7-935a06b28889}</UniqueIdentifier>
    </Filter>
    <Filter Include="Render\QSpriteRender">
      <UniqueIdentifier>{64e96ee3-76d3-4862-9bfc-8bf8f787c28b}</UniqueIdentifier>
    </Filter>
    <Filter Include="D3DSubsys">
      <UniqueIdentifier>{59050371-37fd-4fe0-8f17-0cd886308dbb}</UniqueIdentifier>
    </Filter>
  </ItemGroup>
  <ItemGroup>
    <ClCompile Include="..\..\..\Proj\Tet\App\App.cpp">
      <Filter>App</Filter>
    </ClCompile>
    <ClCompile Include="..\..\..\Proj\Tet\App\Main.cpp">
      <Filter>App</Filter>
    </ClCompile>
    <ClCompile Include="..\..\..\Proj\Tet\HelperSubsys\Log\Log.cpp">
      <Filter>HelperSubsys\Log</Filter>
    </ClCompile>
    <ClCompile Include="..\..\..\Proj\Tet\HelperSubsys\Log\LogServiceRegister.cpp">
      <Filter>HelperSubsys\Log</Filter>
    </ClCompile>
    <ClCompile Include="..\..\..\Proj\Tet\HelperSubsys\AmbientContext.cpp">
      <Filter>HelperSubsys</Filter>
    </ClCompile>
    <ClCompile Include="..\..\..\Proj\Tet\App\AppDeployer.cpp">
      <Filter>App</Filter>
    </ClCompile>
    <ClCompile Include="..\..\..\Proj\Tet\HelperSubsys\ConfigManager\ConfigManagerServiceRegister.cpp">
      <Filter>HelperSubsys\ConfigManager</Filter>
    </ClCompile>
    <ClCompile Include="..\..\..\Proj\Tet\Render\QSpriteRender\QSpriteRenderServiceRegister.cpp">
      <Filter>Render\QSpriteRender</Filter>
    </ClCompile>
    <ClCompile Include="..\..\..\Proj\Tet\Render\QSpriteRender\QSpriteRenderServiceFactory.cpp">
      <Filter>Render\QSpriteRender</Filter>
    </ClCompile>
    <ClCompile Include="..\..\..\Proj\Tet\D3DSubsys\D3DSubsys.cpp">
      <Filter>D3DSubsys</Filter>
    </ClCompile>
    <ClCompile Include="..\..\..\Proj\Tet\D3DSubsys\D3DSubsysServiceFactory.cpp">
      <Filter>D3DSubsys</Filter>
    </ClCompile>
    <ClCompile Include="..\..\..\Proj\Tet\D3DSubsys\D3DSubsysServiceRegister.cpp">
      <Filter>D3DSubsys</Filter>
    </ClCompile>
  </ItemGroup>
  <ItemGroup>
    <ClInclude Include="..\..\..\Proj\Tet\App\App.h">
      <Filter>App</Filter>
    </ClInclude>
    <ClInclude Include="..\..\..\Proj\Tet\HelperSubsys\Log\ILog.h">
      <Filter>HelperSubsys\Log</Filter>
    </ClInclude>
    <ClInclude Include="..\..\..\Proj\Tet\HelperSubsys\Log\Log.h">
      <Filter>HelperSubsys\Log</Filter>
    </ClInclude>
    <ClInclude Include="..\..\..\Proj\Tet\HelperSubsys\Log\LogServiceFactory.h">
      <Filter>HelperSubsys\Log</Filter>
    </ClInclude>
    <ClInclude Include="..\..\..\Proj\Tet\HelperSubsys\Log\LogServiceTypes.h">
      <Filter>HelperSubsys\Log</Filter>
    </ClInclude>
    <ClInclude Include="..\..\..\Proj\Tet\HelperSubsys\Log\LogServiceTypeTraits.h">
      <Filter>HelperSubsys\Log</Filter>
    </ClInclude>
    <ClInclude Include="..\..\..\Proj\Tet\HelperSubsys\Log\LogServiceRegister.h">
      <Filter>HelperSubsys\Log</Filter>
    </ClInclude>
    <ClInclude Include="..\..\..\Proj\Tet\App\AppEnvironment.h">
      <Filter>App</Filter>
    </ClInclude>
    <ClInclude Include="..\..\..\Proj\Tet\HelperSubsys\AmbientContext.h">
      <Filter>HelperSubsys</Filter>
    </ClInclude>
    <ClInclude Include="..\..\..\Proj\Tet\App\AppDeployer.h">
      <Filter>App</Filter>
    </ClInclude>
    <ClInclude Include="..\..\..\Proj\Tet\HelperSubsys\ConfigManager\ConfigManager.h">
      <Filter>HelperSubsys\ConfigManager</Filter>
    </ClInclude>
    <ClInclude Include="..\..\..\Proj\Tet\HelperSubsys\ConfigManager\ConfigManagerServiceTypes.h">
      <Filter>HelperSubsys\ConfigManager</Filter>
    </ClInclude>
    <ClInclude Include="..\..\..\Proj\Tet\HelperSubsys\ConfigManager\ConfigManagerServiceTypeTraits.h">
      <Filter>HelperSubsys\ConfigManager</Filter>
    </ClInclude>
    <ClInclude Include="..\..\..\Proj\Tet\HelperSubsys\ConfigManager\ConfigManagerServiceFactory.h">
      <Filter>HelperSubsys\ConfigManager</Filter>
    </ClInclude>
    <ClInclude Include="..\..\..\Proj\Tet\HelperSubsys\ConfigManager\ConfigManagerServiceRegister.h">
      <Filter>HelperSubsys\ConfigManager</Filter>
    </ClInclude>
    <ClInclude Include="..\..\..\Proj\Tet\Render\QSpriteRender\QSpriteRender.h">
      <Filter>Render\QSpriteRender</Filter>
    </ClInclude>
    <ClInclude Include="..\..\..\Proj\Tet\Render\QSpriteRender\QSpriteRenderServiceTypes.h">
      <Filter>Render\QSpriteRender</Filter>
    </ClInclude>
    <ClInclude Include="..\..\..\Proj\Tet\Render\QSpriteRender\QSpriteRenderServiceTypeTraits.h">
      <Filter>Render\QSpriteRender</Filter>
    </ClInclude>
    <ClInclude Include="..\..\..\Proj\Tet\Render\QSpriteRender\QSpriteRenderServiceFactory.h">
      <Filter>Render\QSpriteRender</Filter>
    </ClInclude>
    <ClInclude Include="..\..\..\Proj\Tet\Render\QSpriteRender\QSpriteRenderServiceRegister.h">
      <Filter>Render\QSpriteRender</Filter>
    </ClInclude>
    <ClInclude Include="..\..\..\Proj\Tet\D3DSubsys\D3DSubsys.h">
      <Filter>D3DSubsys</Filter>
    </ClInclude>
    <ClInclude Include="..\..\..\Proj\Tet\D3DSubsys\D3DSubsysInitializer.h">
      <Filter>D3DSubsys</Filter>
    </ClInclude>
    <ClInclude Include="..\..\..\Proj\Tet\D3DSubsys\D3DSubsysServiceFactory.h">
      <Filter>D3DSubsys</Filter>
    </ClInclude>
    <ClInclude Include="..\..\..\Proj\Tet\D3DSubsys\D3DSubsysServiceRegister.h">
      <Filter>D3DSubsys</Filter>
    </ClInclude>
    <ClInclude Include="..\..\..\Proj\Tet\D3DSubsys\D3DSubsysServiceTypes.h">
      <Filter>D3DSubsys</Filter>
    </ClInclude>
    <ClInclude Include="..\..\..\Proj\Tet\D3DSubsys\D3DSubsysServiceTypeTraits.h">
      <Filter>D3DSubsys</Filter>
    </ClInclude>
    <ClInclude Include="..\..\..\Proj\Tet\Render\QSpriteRender\QSpriteRenderSubsysInitializer.h">
      <Filter>Render\QSpriteRender</Filter>
    </ClInclude>
  </ItemGroup>
</Project>